
Microsoft Visual Studio Solution File, Format Version 12.00
# Visual Studio Version 17
VisualStudioVersion = 17.0.31903.59
MinimumVisualStudioVersion = 10.0.40219.1
Project("{FAE04EC0-301F-11D3-BF4B-00C04F79EFBC}") = "OpCuriosidade", "OpCuriosidade\OpCuriosidade.csproj", "{65D0F5AE-B555-4497-A236-992EB1A60552}"
EndProject
Project("{FAE04EC0-301F-11D3-BF4B-00C04F79EFBC}") = "Tests", "Tests\Tests.csproj", "{D6C4D197-326A-460D-9856-3B4D32B3152B}"
EndProject
Project("{FAE04EC0-301F-11D3-BF4B-00C04F79EFBC}") = "Application", "Application\Application.csproj", "{706EF80B-DA3F-46B2-B874-36D6223285F1}"
EndProject
Global
	GlobalSection(SolutionConfigurationPlatforms) = preSolution
		Debug|Any CPU = Debug|Any CPU
		Debug|x64 = Debug|x64
		Debug|x86 = Debug|x86
		Release|Any CPU = Release|Any CPU
		Release|x64 = Release|x64
		Release|x86 = Release|x86
	EndGlobalSection
	GlobalSection(ProjectConfigurationPlatforms) = postSolution
		{65D0F5AE-B555-4497-A236-992EB1A60552}.Debug|Any CPU.ActiveCfg = Debug|Any CPU
		{65D0F5AE-B555-4497-A236-992EB1A60552}.Debug|Any CPU.Build.0 = Debug|Any CPU
		{65D0F5AE-B555-4497-A236-992EB1A60552}.Debug|x64.ActiveCfg = Debug|Any CPU
		{65D0F5AE-B555-4497-A236-992EB1A60552}.Debug|x64.Build.0 = Debug|Any CPU
		{65D0F5AE-B555-4497-A236-992EB1A60552}.Debug|x86.ActiveCfg = Debug|Any CPU
		{65D0F5AE-B555-4497-A236-992EB1A60552}.Debug|x86.Build.0 = Debug|Any CPU
		{65D0F5AE-B555-4497-A236-992EB1A60552}.Release|Any CPU.ActiveCfg = Release|Any CPU
		{65D0F5AE-B555-4497-A236-992EB1A60552}.Release|Any CPU.Build.0 = Release|Any CPU
		{65D0F5AE-B555-4497-A236-992EB1A60552}.Release|x64.ActiveCfg = Release|Any CPU
		{65D0F5AE-B555-4497-A236-992EB1A60552}.Release|x64.Build.0 = Release|Any CPU
		{65D0F5AE-B555-4497-A236-992EB1A60552}.Release|x86.ActiveCfg = Release|Any CPU
		{65D0F5AE-B555-4497-A236-992EB1A60552}.Release|x86.Build.0 = Release|Any CPU
		{D6C4D197-326A-460D-9856-3B4D32B3152B}.Debug|Any CPU.ActiveCfg = Debug|Any CPU
		{D6C4D197-326A-460D-9856-3B4D32B3152B}.Debug|Any CPU.Build.0 = Debug|Any CPU
		{D6C4D197-326A-460D-9856-3B4D32B3152B}.Debug|x64.ActiveCfg = Debug|Any CPU
		{D6C4D197-326A-460D-9856-3B4D32B3152B}.Debug|x64.Build.0 = Debug|Any CPU
		{D6C4D197-326A-460D-9856-3B4D32B3152B}.Debug|x86.ActiveCfg = Debug|Any CPU
		{D6C4D197-326A-460D-9856-3B4D32B3152B}.Debug|x86.Build.0 = Debug|Any CPU
		{D6C4D197-326A-460D-9856-3B4D32B3152B}.Release|Any CPU.ActiveCfg = Release|Any CPU
		{D6C4D197-326A-460D-9856-3B4D32B3152B}.Release|Any CPU.Build.0 = Release|Any CPU
		{D6C4D197-326A-460D-9856-3B4D32B3152B}.Release|x64.ActiveCfg = Release|Any CPU
		{D6C4D197-326A-460D-9856-3B4D32B3152B}.Release|x64.Build.0 = Release|Any CPU
		{D6C4D197-326A-460D-9856-3B4D32B3152B}.Release|x86.ActiveCfg = Release|Any CPU
		{D6C4D197-326A-460D-9856-3B4D32B3152B}.Release|x86.Build.0 = Release|Any CPU
		{706EF80B-DA3F-46B2-B874-36D6223285F1}.Debug|Any CPU.ActiveCfg = Debug|Any CPU
		{706EF80B-DA3F-46B2-B874-36D6223285F1}.Debug|Any CPU.Build.0 = Debug|Any CPU
		{706EF80B-DA3F-46B2-B874-36D6223285F1}.Debug|x64.ActiveCfg = Debug|Any CPU
		{706EF80B-DA3F-46B2-B874-36D6223285F1}.Debug|x64.Build.0 = Debug|Any CPU
		{706EF80B-DA3F-46B2-B874-36D6223285F1}.Debug|x86.ActiveCfg = Debug|Any CPU
		{706EF80B-DA3F-46B2-B874-36D6223285F1}.Debug|x86.Build.0 = Debug|Any CPU
		{706EF80B-DA3F-46B2-B874-36D6223285F1}.Release|Any CPU.ActiveCfg = Release|Any CPU
		{706EF80B-DA3F-46B2-B874-36D6223285F1}.Release|Any CPU.Build.0 = Release|Any CPU
		{706EF80B-DA3F-46B2-B874-36D6223285F1}.Release|x64.ActiveCfg = Release|Any CPU
		{706EF80B-DA3F-46B2-B874-36D6223285F1}.Release|x64.Build.0 = Release|Any CPU
		{706EF80B-DA3F-46B2-B874-36D6223285F1}.Release|x86.ActiveCfg = Release|Any CPU
		{706EF80B-DA3F-46B2-B874-36D6223285F1}.Release|x86.Build.0 = Release|Any CPU
	EndGlobalSection
	GlobalSection(SolutionProperties) = preSolution
		HideSolutionNode = FALSE
	EndGlobalSection
EndGlobal
